PODS:
  - AFNetworking (2.2.4):
    - AFNetworking/NSURLConnection
    - AFNetworking/NSURLSession
    - AFNetworking/Reachability
    - AFNetworking/Security
    - AFNetworking/Serialization
    - AFNetworking/UIKit
  - AFNetworking/NSURLConnection (2.2.4):
    - AFNetworking/Reachability
    - AFNetworking/Security
    - AFNetworking/Serialization
  - AFNetworking/NSURLSession (2.2.4):
    - AFNetworking/NSURLConnection
  - AFNetworking/Reachability (2.2.4)
  - AFNetworking/Security (2.2.4)
  - AFNetworking/Serialization (2.2.4)
  - AFNetworking/UIKit (2.2.4):
    - AFNetworking/NSURLConnection
    - AFNetworking/NSURLSession
  - Kiwi/ARC (2.2.4)
  - Kiwi/NonARC (2.2.4)
  - Kiwi/XCTest (2.2.4):
    - Kiwi/ARC
    - Kiwi/NonARC
  - Nocilla (0.8.1)
  - Typhoon (HEAD based on 2.0.6):
    - Typhoon/no-arc
  - Typhoon/no-arc (HEAD based on 2.0.6)

DEPENDENCIES:
  - AFNetworking (~> 2.0)
  - Kiwi/XCTest
  - Nocilla
  - Typhoon (HEAD)

SPEC CHECKSUMS:
  AFNetworking: ab63e259fe91eef4519b371ef0a4955af0e73e64
  Kiwi: c73667f2b84cbf36f1a3830267c5a4ae8dcbd8ba
  Nocilla: e573c2bf9113c8d77782b695a2f9362b7bc44e72
  Typhoon: ac174480d38564968c2ee20700d971492579f2eb

COCOAPODS: 0.32.1
