PODS:
  - AFNetworking (2.4.1):
    - AFNetworking/NSURLConnection
    - AFNetworking/NSURLSession
    - AFNetworking/Reachability
    - AFNetworking/Security
    - AFNetworking/Serialization
    - AFNetworking/UIKit
  - AFNetworking/NSURLConnection (2.4.1):
    - AFNetworking/Reachability
    - AFNetworking/Security
    - AFNetworking/Serialization
  - AFNetworking/NSURLSession (2.4.1):
    - AFNetworking/Reachability
    - AFNetworking/Security
    - AFNetworking/Serialization
  - AFNetworking/Reachability (2.4.1)
  - AFNetworking/Security (2.4.1)
  - AFNetworking/Serialization (2.4.1)
  - AFNetworking/UIKit (2.4.1):
    - AFNetworking/NSURLConnection
    - AFNetworking/NSURLSession
  - Kiwi (2.3.0)
  - Nocilla (0.8.1)
  - Typhoon (2.3.0):
    - Typhoon/no-arc
  - Typhoon/no-arc (2.3.0)

DEPENDENCIES:
  - AFNetworking (~> 2.4)
  - Kiwi
  - Nocilla
  - Typhoon

SPEC CHECKSUMS:
  AFNetworking: 0aabc6fae66d6e5d039eeb21c315843c7aae51ab
  Kiwi: 54bece5b35564d9b8e03c608d926f1a22fcfc589
  Nocilla: e573c2bf9113c8d77782b695a2f9362b7bc44e72
  Typhoon: ee9b8c034b11746f8024a0487965c04965a6a4ee

COCOAPODS: 0.34.4
